
Microsoft Visual Studio Solution File, Format Version 12.00
# Visual Studio Version 16
VisualStudioVersion = 16.0.31515.178
MinimumVisualStudioVersion = 10.0.40219.1
Project("{2150E333-8FDC-42A3-9474-1A3956D46DE8}") = "1_2-Занятие", "1_2-Занятие", "{85396E49-BB97-4E64-B571-1037F147DCA9}"
EndProject
Project("{8BC9CEB8-8B4A-11D0-8D11-00A0C91BC942}") = "Hello", "Hello\Hello.vcxproj", "{6E3CD100-5477-478C-BEB8-4AE31E743B38}"
EndProject
Project("{8BC9CEB8-8B4A-11D0-8D11-00A0C91BC942}") = "Data_Types", "Data_Types\Data_Types.vcxproj", "{A1FFD328-4923-4BE7-A22E-7BCA56C36AC3}"
EndProject
Project("{2150E333-8FDC-42A3-9474-1A3956D46DE8}") = "3_Занятие (24_07_21)", "3_Занятие (24_07_21)", "{BE40198F-2384-4101-BE2F-F008701D0DB6}"
EndProject
Project("{8BC9CEB8-8B4A-11D0-8D11-00A0C91BC942}") = "ControlStructures", "ControlStructures\ControlStructures.vcxproj", "{06B5CD78-3F6D-464E-9EA6-7B752DC25561}"
EndProject
Project("{8BC9CEB8-8B4A-11D0-8D11-00A0C91BC942}") = "c4326", "c4326\c4326.vcxproj", "{9A2CDC68-17CB-4A8A-9AB9-22DF6D071B8F}"
EndProject
Project("{8BC9CEB8-8B4A-11D0-8D11-00A0C91BC942}") = "Kod_Klavish", "Kod_Klavish\Kod_Klavish.vcxproj", "{3D0D949D-2ABE-4CE7-A3C3-7F34744B40E4}"
EndProject
Project("{2150E333-8FDC-42A3-9474-1A3956D46DE8}") = "4_Занятие (07_08_21)", "4_Занятие (07_08_21)", "{1B540BDF-6FBC-490C-92FA-8B4ACB1A84E2}"
EndProject
Project("{8BC9CEB8-8B4A-11D0-8D11-00A0C91BC942}") = "Calc", "Calc\Calc.vcxproj", "{6EC1F2A1-C8DB-4BAA-903E-04420A7833EF}"
EndProject
Project("{8BC9CEB8-8B4A-11D0-8D11-00A0C91BC942}") = "3DShooter", "3DShooter\3DShooter.vcxproj", "{DC52A97C-A127-4E1A-B04F-B45BCA99AB93}"
EndProject
Project("{8BC9CEB8-8B4A-11D0-8D11-00A0C91BC942}") = "For", "For\For.vcxproj", "{3754DA1B-84A9-452C-B56E-1B9915839139}"
EndProject
Project("{8BC9CEB8-8B4A-11D0-8D11-00A0C91BC942}") = "geometriya", "geometriya\geometriya.vcxproj", "{3AD4B322-6E60-4EFF-89F4-6DFDD02BFADA}"
EndProject
Global
	GlobalSection(SolutionConfigurationPlatforms) = preSolution
		Debug|x64 = Debug|x64
		Debug|x86 = Debug|x86
		Release|x64 = Release|x64
		Release|x86 = Release|x86
	EndGlobalSection
	GlobalSection(ProjectConfigurationPlatforms) = postSolution
		{6E3CD100-5477-478C-BEB8-4AE31E743B38}.Debug|x64.ActiveCfg = Debug|x64
		{6E3CD100-5477-478C-BEB8-4AE31E743B38}.Debug|x64.Build.0 = Debug|x64
		{6E3CD100-5477-478C-BEB8-4AE31E743B38}.Debug|x86.ActiveCfg = Debug|Win32
		{6E3CD100-5477-478C-BEB8-4AE31E743B38}.Debug|x86.Build.0 = Debug|Win32
		{6E3CD100-5477-478C-BEB8-4AE31E743B38}.Release|x64.ActiveCfg = Release|x64
		{6E3CD100-5477-478C-BEB8-4AE31E743B38}.Release|x64.Build.0 = Release|x64
		{6E3CD100-5477-478C-BEB8-4AE31E743B38}.Release|x86.ActiveCfg = Release|Win32
		{6E3CD100-5477-478C-BEB8-4AE31E743B38}.Release|x86.Build.0 = Release|Win32
		{A1FFD328-4923-4BE7-A22E-7BCA56C36AC3}.Debug|x64.ActiveCfg = Debug|x64
		{A1FFD328-4923-4BE7-A22E-7BCA56C36AC3}.Debug|x64.Build.0 = Debug|x64
		{A1FFD328-4923-4BE7-A22E-7BCA56C36AC3}.Debug|x86.ActiveCfg = Debug|Win32
		{A1FFD328-4923-4BE7-A22E-7BCA56C36AC3}.Debug|x86.Build.0 = Debug|Win32
		{A1FFD328-4923-4BE7-A22E-7BCA56C36AC3}.Release|x64.ActiveCfg = Release|x64
		{A1FFD328-4923-4BE7-A22E-7BCA56C36AC3}.Release|x64.Build.0 = Release|x64
		{A1FFD328-4923-4BE7-A22E-7BCA56C36AC3}.Release|x86.ActiveCfg = Release|Win32
		{A1FFD328-4923-4BE7-A22E-7BCA56C36AC3}.Release|x86.Build.0 = Release|Win32
		{06B5CD78-3F6D-464E-9EA6-7B752DC25561}.Debug|x64.ActiveCfg = Debug|x64
		{06B5CD78-3F6D-464E-9EA6-7B752DC25561}.Debug|x64.Build.0 = Debug|x64
		{06B5CD78-3F6D-464E-9EA6-7B752DC25561}.Debug|x86.ActiveCfg = Debug|Win32
		{06B5CD78-3F6D-464E-9EA6-7B752DC25561}.Debug|x86.Build.0 = Debug|Win32
		{06B5CD78-3F6D-464E-9EA6-7B752DC25561}.Release|x64.ActiveCfg = Release|x64
		{06B5CD78-3F6D-464E-9EA6-7B752DC25561}.Release|x64.Build.0 = Release|x64
		{06B5CD78-3F6D-464E-9EA6-7B752DC25561}.Release|x86.ActiveCfg = Release|Win32
		{06B5CD78-3F6D-464E-9EA6-7B752DC25561}.Release|x86.Build.0 = Release|Win32
		{9A2CDC68-17CB-4A8A-9AB9-22DF6D071B8F}.Debug|x64.ActiveCfg = Debug|x64
		{9A2CDC68-17CB-4A8A-9AB9-22DF6D071B8F}.Debug|x64.Build.0 = Debug|x64
		{9A2CDC68-17CB-4A8A-9AB9-22DF6D071B8F}.Debug|x86.ActiveCfg = Debug|Win32
		{9A2CDC68-17CB-4A8A-9AB9-22DF6D071B8F}.Debug|x86.Build.0 = Debug|Win32
		{9A2CDC68-17CB-4A8A-9AB9-22DF6D071B8F}.Release|x64.ActiveCfg = Release|x64
		{9A2CDC68-17CB-4A8A-9AB9-22DF6D071B8F}.Release|x64.Build.0 = Release|x64
		{9A2CDC68-17CB-4A8A-9AB9-22DF6D071B8F}.Release|x86.ActiveCfg = Release|Win32
		{9A2CDC68-17CB-4A8A-9AB9-22DF6D071B8F}.Release|x86.Build.0 = Release|Win32
		{3D0D949D-2ABE-4CE7-A3C3-7F34744B40E4}.Debug|x64.ActiveCfg = Debug|x64
		{3D0D949D-2ABE-4CE7-A3C3-7F34744B40E4}.Debug|x64.Build.0 = Debug|x64
		{3D0D949D-2ABE-4CE7-A3C3-7F34744B40E4}.Debug|x86.ActiveCfg = Debug|Win32
		{3D0D949D-2ABE-4CE7-A3C3-7F34744B40E4}.Debug|x86.Build.0 = Debug|Win32
		{3D0D949D-2ABE-4CE7-A3C3-7F34744B40E4}.Release|x64.ActiveCfg = Release|x64
		{3D0D949D-2ABE-4CE7-A3C3-7F34744B40E4}.Release|x64.Build.0 = Release|x64
		{3D0D949D-2ABE-4CE7-A3C3-7F34744B40E4}.Release|x86.ActiveCfg = Release|Win32
		{3D0D949D-2ABE-4CE7-A3C3-7F34744B40E4}.Release|x86.Build.0 = Release|Win32
		{6EC1F2A1-C8DB-4BAA-903E-04420A7833EF}.Debug|x64.ActiveCfg = Debug|x64
		{6EC1F2A1-C8DB-4BAA-903E-04420A7833EF}.Debug|x64.Build.0 = Debug|x64
		{6EC1F2A1-C8DB-4BAA-903E-04420A7833EF}.Debug|x86.ActiveCfg = Debug|Win32
		{6EC1F2A1-C8DB-4BAA-903E-04420A7833EF}.Debug|x86.Build.0 = Debug|Win32
		{6EC1F2A1-C8DB-4BAA-903E-04420A7833EF}.Release|x64.ActiveCfg = Release|x64
		{6EC1F2A1-C8DB-4BAA-903E-04420A7833EF}.Release|x64.Build.0 = Release|x64
		{6EC1F2A1-C8DB-4BAA-903E-04420A7833EF}.Release|x86.ActiveCfg = Release|Win32
		{6EC1F2A1-C8DB-4BAA-903E-04420A7833EF}.Release|x86.Build.0 = Release|Win32
		{DC52A97C-A127-4E1A-B04F-B45BCA99AB93}.Debug|x64.ActiveCfg = Debug|x64
		{DC52A97C-A127-4E1A-B04F-B45BCA99AB93}.Debug|x64.Build.0 = Debug|x64
		{DC52A97C-A127-4E1A-B04F-B45BCA99AB93}.Debug|x86.ActiveCfg = Debug|Win32
		{DC52A97C-A127-4E1A-B04F-B45BCA99AB93}.Debug|x86.Build.0 = Debug|Win32
		{DC52A97C-A127-4E1A-B04F-B45BCA99AB93}.Release|x64.ActiveCfg = Release|x64
		{DC52A97C-A127-4E1A-B04F-B45BCA99AB93}.Release|x64.Build.0 = Release|x64
		{DC52A97C-A127-4E1A-B04F-B45BCA99AB93}.Release|x86.ActiveCfg = Release|Win32
		{DC52A97C-A127-4E1A-B04F-B45BCA99AB93}.Release|x86.Build.0 = Release|Win32
		{3754DA1B-84A9-452C-B56E-1B9915839139}.Debug|x64.ActiveCfg = Debug|x64
		{3754DA1B-84A9-452C-B56E-1B9915839139}.Debug|x64.Build.0 = Debug|x64
		{3754DA1B-84A9-452C-B56E-1B9915839139}.Debug|x86.ActiveCfg = Debug|Win32
		{3754DA1B-84A9-452C-B56E-1B9915839139}.Debug|x86.Build.0 = Debug|Win32
		{3754DA1B-84A9-452C-B56E-1B9915839139}.Release|x64.ActiveCfg = Release|x64
		{3754DA1B-84A9-452C-B56E-1B9915839139}.Release|x64.Build.0 = Release|x64
		{3754DA1B-84A9-452C-B56E-1B9915839139}.Release|x86.ActiveCfg = Release|Win32
		{3754DA1B-84A9-452C-B56E-1B9915839139}.Release|x86.Build.0 = Release|Win32
		{3AD4B322-6E60-4EFF-89F4-6DFDD02BFADA}.Debug|x64.ActiveCfg = Debug|x64
		{3AD4B322-6E60-4EFF-89F4-6DFDD02BFADA}.Debug|x64.Build.0 = Debug|x64
		{3AD4B322-6E60-4EFF-89F4-6DFDD02BFADA}.Debug|x86.ActiveCfg = Debug|Win32
		{3AD4B322-6E60-4EFF-89F4-6DFDD02BFADA}.Debug|x86.Build.0 = Debug|Win32
		{3AD4B322-6E60-4EFF-89F4-6DFDD02BFADA}.Release|x64.ActiveCfg = Release|x64
		{3AD4B322-6E60-4EFF-89F4-6DFDD02BFADA}.Release|x64.Build.0 = Release|x64
		{3AD4B322-6E60-4EFF-89F4-6DFDD02BFADA}.Release|x86.ActiveCfg = Release|Win32
		{3AD4B322-6E60-4EFF-89F4-6DFDD02BFADA}.Release|x86.Build.0 = Release|Win32
	EndGlobalSection
	GlobalSection(SolutionProperties) = preSolution
		HideSolutionNode = FALSE
	EndGlobalSection
	GlobalSection(NestedProjects) = preSolution
		{6E3CD100-5477-478C-BEB8-4AE31E743B38} = {85396E49-BB97-4E64-B571-1037F147DCA9}
		{A1FFD328-4923-4BE7-A22E-7BCA56C36AC3} = {85396E49-BB97-4E64-B571-1037F147DCA9}
		{06B5CD78-3F6D-464E-9EA6-7B752DC25561} = {BE40198F-2384-4101-BE2F-F008701D0DB6}
		{9A2CDC68-17CB-4A8A-9AB9-22DF6D071B8F} = {BE40198F-2384-4101-BE2F-F008701D0DB6}
		{3D0D949D-2ABE-4CE7-A3C3-7F34744B40E4} = {BE40198F-2384-4101-BE2F-F008701D0DB6}
		{6EC1F2A1-C8DB-4BAA-903E-04420A7833EF} = {1B540BDF-6FBC-490C-92FA-8B4ACB1A84E2}
		{DC52A97C-A127-4E1A-B04F-B45BCA99AB93} = {1B540BDF-6FBC-490C-92FA-8B4ACB1A84E2}
		{3754DA1B-84A9-452C-B56E-1B9915839139} = {1B540BDF-6FBC-490C-92FA-8B4ACB1A84E2}
	EndGlobalSection
	GlobalSection(ExtensibilityGlobals) = postSolution
		SolutionGuid = {F4D52491-41A4-41C9-A722-5FBB3F3D5EA8}
	EndGlobalSection
EndGlobal
